{
  "requires": true,
  "lockfileVersion": 1,
  "dependencies": {
    "uview-ui": {
      "version": "1.4.1",
      "resolved": "https://registry.npmjs.org/uview-ui/-/uview-ui-1.4.1.tgz",
      "integrity": "sha512-4LYAfRzXDykWsQ+NYnCO53YpKtcaBIgASmi4lYPtlu7QRjMrd0TXEAJE0uaUyTTexzkfTGi/Lqt6Q3zy6mW8lg=="
    },
    "vue-i18n": {
      "version": "8.22.0",
      "resolved": "https://registry.npm.taobao.org/vue-i18n/download/vue-i18n-8.22.0.tgz",
      "integrity": "sha1-ZAM4Gm6rHSKeUVpirdspsv86v+0="
    },
    "weixin-js-sdk": {
      "version": "1.6.0",
      "resolved": "https://registry.npmjs.org/weixin-js-sdk/-/weixin-js-sdk-1.6.0.tgz",
      "integrity": "sha512-3IYQH7aalJGFJrwdT3epvTdR1MboMiH7vIZ5BRL2eYOJ12BNah7csoMkmSZzkq1+l92sSq29XdTCVjCJoK2sBQ=="
    }
  }
}
