{
  "requires": true,
  "lockfileVersion": 1,
  "dependencies": {
    "@paypal/sdk-constants": {
      "version": "1.0.77",
      "resolved": "https://registry.npm.taobao.org/@paypal/sdk-constants/download/@paypal/sdk-constants-1.0.77.tgz",
      "integrity": "sha1-i7aIDCQ5gvB3PHDkol8O8pbrLMA=",
      "requires": {
        "cross-domain-utils": "^2.0.10",
        "hi-base32": "^0.5.0",
        "zalgo-promise": "^1.0.28"
      }
    },
    "Base64": {
      "version": "1.1.0",
      "resolved": "https://registry.npm.taobao.org/Base64/download/Base64-1.1.0.tgz",
      "integrity": "sha1-gQ7yGvqDV9+SrXtTiRiMRGucuVY="
    },
    "babel-runtime": {
      "version": "6.26.0",
      "resolved": "https://registry.npm.taobao.org/babel-runtime/download/babel-runtime-6.26.0.tgz",
      "integrity": "sha1-llxwWGaOgrVde/4E/yM3vItWR/4=",
      "requires": {
        "core-js": "^2.4.0",
        "regenerator-runtime": "^0.11.0"
      }
    },
    "beaver-logger": {
      "version": "3.0.19",
      "resolved": "https://registry.npm.taobao.org/beaver-logger/download/beaver-logger-3.0.19.tgz",
      "integrity": "sha1-HZ2V7GestixwzeCihDlabgfmynk=",
      "requires": {
        "zalgo-promise": "^1.0.26"
      }
    },
    "belter": {
      "version": "1.0.144",
      "resolved": "https://registry.npm.taobao.org/belter/download/belter-1.0.144.tgz",
      "integrity": "sha1-y8vClpKufUJNQNGdhtSVh0GfLEc=",
      "requires": {
        "cross-domain-safe-weakmap": "^1",
        "cross-domain-utils": "^2",
        "zalgo-promise": "^1"
      }
    },
    "bowser": {
      "version": "1.9.4",
      "resolved": "https://registry.npm.taobao.org/bowser/download/bowser-1.9.4.tgz",
      "integrity": "sha1-iQxYooE6nTJDcEM0+oG5alwVDJo="
    },
    "core-js": {
      "version": "2.6.11",
      "resolved": "https://registry.npm.taobao.org/core-js/download/core-js-2.6.11.tgz",
      "integrity": "sha1-OIMUafmSK97Y7iHJ3EaYXgOZMIw="
    },
    "cross-domain-safe-weakmap": {
      "version": "1.0.28",
      "resolved": "https://registry.npm.taobao.org/cross-domain-safe-weakmap/download/cross-domain-safe-weakmap-1.0.28.tgz",
      "integrity": "sha1-1sPFr5VDQM5fnU7l88ONupUToWU=",
      "requires": {
        "cross-domain-utils": "^2.0.0"
      }
    },
    "cross-domain-utils": {
      "version": "2.0.34",
      "resolved": "https://registry.npm.taobao.org/cross-domain-utils/download/cross-domain-utils-2.0.34.tgz",
      "integrity": "sha1-P43I2CpUNCE3h0M/F7dvUcMW44I=",
      "requires": {
        "zalgo-promise": "^1.0.11"
      }
    },
    "form-serialize": {
      "version": "0.7.2",
      "resolved": "https://registry.npm.taobao.org/form-serialize/download/form-serialize-0.7.2.tgz",
      "integrity": "sha1-sKL/DCICb7bT0VydM/beakMuRzI="
    },
    "hi-base32": {
      "version": "0.5.0",
      "resolved": "https://registry.npm.taobao.org/hi-base32/download/hi-base32-0.5.0.tgz",
      "integrity": "sha1-YTKfdqMfMQCFM/HDbyRz4lnWRXE="
    },
    "paypal-checkout": {
      "version": "4.0.318",
      "resolved": "https://registry.npm.taobao.org/paypal-checkout/download/paypal-checkout-4.0.318.tgz",
      "integrity": "sha1-G88wKPZ6H29kGPovL407igvvF1U=",
      "requires": {
        "@paypal/sdk-constants": "^1.0.64",
        "Base64": "^1.0.0",
        "beaver-logger": "^3.0.6",
        "belter": "^1.0.96",
        "bowser": "^1.7.1",
        "cross-domain-utils": "^2.0.1",
        "form-serialize": "^0.7.2",
        "hi-base32": "^0.5.0",
        "post-robot": "^8.0.0",
        "zalgo-promise": "^1.0.10",
        "zoid": "^6.0.67"
      }
    },
    "post-robot": {
      "version": "8.0.31",
      "resolved": "https://registry.npm.taobao.org/post-robot/download/post-robot-8.0.31.tgz",
      "integrity": "sha1-C1WStpXZJSuGEFtQsz1EaURzSdU=",
      "requires": {
        "cross-domain-safe-weakmap": "^1.0.1",
        "cross-domain-utils": "^2.0.0",
        "zalgo-promise": "^1.0.3"
      }
    },
    "regenerator-runtime": {
      "version": "0.11.1",
      "resolved": "https://registry.npm.taobao.org/regenerator-runtime/download/regenerator-runtime-0.11.1.tgz?cache=0&sync_timestamp=1595456105304&other_urls=https%3A%2F%2Fregistry.npm.taobao.org%2Fregenerator-runtime%2Fdownload%2Fregenerator-runtime-0.11.1.tgz",
      "integrity": "sha1-vgWtf5v30i4Fb5cmzuUBf78Z4uk="
    },
    "uview-ui": {
      "version": "1.4.1",
      "resolved": "https://registry.npmjs.org/uview-ui/-/uview-ui-1.4.1.tgz",
      "integrity": "sha512-4LYAfRzXDykWsQ+NYnCO53YpKtcaBIgASmi4lYPtlu7QRjMrd0TXEAJE0uaUyTTexzkfTGi/Lqt6Q3zy6mW8lg=="
    },
    "vconsole": {
      "version": "3.3.4",
      "resolved": "https://registry.npm.taobao.org/vconsole/download/vconsole-3.3.4.tgz",
      "integrity": "sha1-p9rNiIez0+kC6NGEJc2lbDTnf1E="
    },
    "vue": {
      "version": "2.6.12",
      "resolved": "https://registry.npm.taobao.org/vue/download/vue-2.6.12.tgz?cache=0&sync_timestamp=1603239662920&other_urls=https%3A%2F%2Fregistry.npm.taobao.org%2Fvue%2Fdownload%2Fvue-2.6.12.tgz",
      "integrity": "sha1-9evU+mvShpQD4pqJau1JBEVskSM="
    },
    "vue-i18n": {
      "version": "8.22.0",
      "resolved": "https://registry.npm.taobao.org/vue-i18n/download/vue-i18n-8.22.0.tgz?cache=0&sync_timestamp=1603036483997&other_urls=https%3A%2F%2Fregistry.npm.taobao.org%2Fvue-i18n%2Fdownload%2Fvue-i18n-8.22.0.tgz",
      "integrity": "sha1-ZAM4Gm6rHSKeUVpirdspsv86v+0="
    },
    "vue-paypal-checkout": {
      "version": "3.2.0",
      "resolved": "https://registry.npm.taobao.org/vue-paypal-checkout/download/vue-paypal-checkout-3.2.0.tgz",
      "integrity": "sha1-xaKsD9KV3L+Zs6PES4cMnkhZqW4=",
      "requires": {
        "babel-runtime": "^6.26.0",
        "paypal-checkout": "^4.0.228",
        "vue": "^2.5.17"
      }
    },
    "weixin-js-sdk": {
      "version": "1.6.0",
      "resolved": "https://registry.npmjs.org/weixin-js-sdk/-/weixin-js-sdk-1.6.0.tgz",
      "integrity": "sha512-3IYQH7aalJGFJrwdT3epvTdR1MboMiH7vIZ5BRL2eYOJ12BNah7csoMkmSZzkq1+l92sSq29XdTCVjCJoK2sBQ=="
    },
    "zalgo-promise": {
      "version": "1.0.46",
      "resolved": "https://registry.npm.taobao.org/zalgo-promise/download/zalgo-promise-1.0.46.tgz",
      "integrity": "sha1-MlmI110L5M1joma61eGPj2zYVnU="
    },
    "zoid": {
      "version": "6.0.80",
      "resolved": "https://registry.npm.taobao.org/zoid/download/zoid-6.0.80.tgz",
      "integrity": "sha1-0BdM6yMLuRLOITspUdSO2A9ahXU=",
      "requires": {
        "beaver-logger": "^3.0.17",
        "belter": "^1.0.77",
        "cross-domain-safe-weakmap": "^1.0.22",
        "cross-domain-utils": "^2.0.16",
        "hi-base32": "^0.5.0",
        "post-robot": "^8.0.29",
        "zalgo-promise": "^1.0.34"
      }
    }
  }
}
